
Microsoft Visual Studio Solution File, Format Version 12.00
# Visual Studio Version 17
VisualStudioVersion = 17.8.34309.116
MinimumVisualStudioVersion = 10.0.40219.1
Project("{FAE04EC0-301F-11D3-BF4B-00C04F79EFBC}") = "DotNetCourse", "DotNetCourse\DotNetCourse.csproj", "{57628981-A63F-47B8-8940-656F3F57CCD3}"
EndProject
Global
	GlobalSection(SolutionConfigurationPlatforms) = preSolution
		Debug|Any CPU = Debug|Any CPU
		Release|Any CPU = Release|Any CPU
	EndGlobalSection
	GlobalSection(ProjectConfigurationPlatforms) = postSolution
		{57628981-A63F-47B8-8940-656F3F57CCD3}.Debug|Any CPU.ActiveCfg = Debug|Any CPU
		{57628981-A63F-47B8-8940-656F3F57CCD3}.Debug|Any CPU.Build.0 = Debug|Any CPU
		{57628981-A63F-47B8-8940-656F3F57CCD3}.Release|Any CPU.ActiveCfg = Release|Any CPU
		{57628981-A63F-47B8-8940-656F3F57CCD3}.Release|Any CPU.Build.0 = Release|Any CPU
	EndGlobalSection
	GlobalSection(SolutionProperties) = preSolution
		HideSolutionNode = FALSE
	EndGlobalSection
	GlobalSection(ExtensibilityGlobals) = postSolution
		SolutionGuid = {51C92D98-7983-4D42-BE30-09DD6CEC068F}
	EndGlobalSection
EndGlobal
